
Microsoft Visual Studio Solution File, Format Version 12.00
# Visual Studio Version 16
VisualStudioVersion = 16.0.28803.202
MinimumVisualStudioVersion = 10.0.40219.1
Project("{2150E333-8FDC-42A3-9474-1A3956D46DE8}") = "Assignment1", "Assignment1", "{3752CA11-35BA-461F-A01E-072EC6A6626A}"
EndProject
Project("{2150E333-8FDC-42A3-9474-1A3956D46DE8}") = "Assignment2", "Assignment2", "{8502F07C-6711-487C-81FB-494FF87CF53E}"
EndProject
Project("{FAE04EC0-301F-11D3-BF4B-00C04F79EFBC}") = "CarModel", "Assignments\Assignment1\CarModel\CarModel.csproj", "{45370181-7C38-4039-A8B8-4D4866556A75}"
EndProject
Project("{FAE04EC0-301F-11D3-BF4B-00C04F79EFBC}") = "CarTest", "Assignments\Assignment1\CarTest\CarTest.csproj", "{43B97811-A424-4083-B0DF-23C1AE9FACA8}"
EndProject
Project("{FAE04EC0-301F-11D3-BF4B-00C04F79EFBC}") = "IntListTest", "Assignments\Assignment2\IntListTest\IntListTest.csproj", "{BCF7F570-B6CC-4EB2-B649-08D319AB86CC}"
EndProject
Project("{2150E333-8FDC-42A3-9474-1A3956D46DE8}") = "Assignment4", "Assignment4", "{DF91AE80-ECEF-46B9-B9FF-C2B9944521A8}"
EndProject
Project("{FAE04EC0-301F-11D3-BF4B-00C04F79EFBC}") = "CustomerQueries", "Assignments\Assignment4\CustomerQueries\CustomerQueries.csproj", "{4FD1A51B-2899-4462-91BE-BD907636B0FA}"
EndProject
Project("{FAE04EC0-301F-11D3-BF4B-00C04F79EFBC}") = "CustomerModel", "Assignments\Assignment4\CustomerModel\CustomerModel.csproj", "{E2B1CBFF-400C-476A-B6CD-919078441C8D}"
EndProject
Project("{2150E333-8FDC-42A3-9474-1A3956D46DE8}") = "Assignment7", "Assignment7", "{9B0EDB6D-422B-45A2-BFC7-CB5ED740697D}"
EndProject
Project("{FAE04EC0-301F-11D3-BF4B-00C04F79EFBC}") = "HeavyWork", "Assignments\Assignment7\HeavyWork\HeavyWork.csproj", "{60016351-E6B1-4452-941D-8BC3D6529672}"
EndProject
Project("{2150E333-8FDC-42A3-9474-1A3956D46DE8}") = "Assignment5", "Assignment5", "{8620B459-6268-4F2F-A07A-39A2574014FE}"
EndProject
Project("{2150E333-8FDC-42A3-9474-1A3956D46DE8}") = "Assignment6", "Assignment6", "{2A522FC9-32B2-41F7-91E7-B226ECFF5D37}"
EndProject
Project("{FAE04EC0-301F-11D3-BF4B-00C04F79EFBC}") = "MediaPlayer", "Assignments\Assignment6\MediaPlayer\MediaPlayer.csproj", "{C3C62DA7-2D9D-4D76-9168-CBE392BB62DD}"
EndProject
Project("{2150E333-8FDC-42A3-9474-1A3956D46DE8}") = "Helpers", "Helpers", "{CEDAB7FB-3B55-4C8A-85BE-2E3F5A37F91D}"
EndProject
Project("{FAE04EC0-301F-11D3-BF4B-00C04F79EFBC}") = "Common", "Common\Common.csproj", "{EB2FB0E2-7E32-4597-8D08-F83E2A25085B}"
EndProject
Project("{FAE04EC0-301F-11D3-BF4B-00C04F79EFBC}") = "MultimediaWPF", "Assignments\Assignment5\MultimediaWPF.csproj", "{AED3BC6B-FE9E-4408-BDE0-E74AFE6A8549}"
EndProject
Global
	GlobalSection(SolutionConfigurationPlatforms) = preSolution
		Debug|Any CPU = Debug|Any CPU
		Release|Any CPU = Release|Any CPU
	EndGlobalSection
	GlobalSection(ProjectConfigurationPlatforms) = postSolution
		{45370181-7C38-4039-A8B8-4D4866556A75}.Debug|Any CPU.ActiveCfg = Debug|Any CPU
		{45370181-7C38-4039-A8B8-4D4866556A75}.Debug|Any CPU.Build.0 = Debug|Any CPU
		{45370181-7C38-4039-A8B8-4D4866556A75}.Release|Any CPU.ActiveCfg = Release|Any CPU
		{45370181-7C38-4039-A8B8-4D4866556A75}.Release|Any CPU.Build.0 = Release|Any CPU
		{43B97811-A424-4083-B0DF-23C1AE9FACA8}.Debug|Any CPU.ActiveCfg = Debug|Any CPU
		{43B97811-A424-4083-B0DF-23C1AE9FACA8}.Debug|Any CPU.Build.0 = Debug|Any CPU
		{43B97811-A424-4083-B0DF-23C1AE9FACA8}.Release|Any CPU.ActiveCfg = Release|Any CPU
		{43B97811-A424-4083-B0DF-23C1AE9FACA8}.Release|Any CPU.Build.0 = Release|Any CPU
		{BCF7F570-B6CC-4EB2-B649-08D319AB86CC}.Debug|Any CPU.ActiveCfg = Debug|Any CPU
		{BCF7F570-B6CC-4EB2-B649-08D319AB86CC}.Debug|Any CPU.Build.0 = Debug|Any CPU
		{BCF7F570-B6CC-4EB2-B649-08D319AB86CC}.Release|Any CPU.ActiveCfg = Release|Any CPU
		{BCF7F570-B6CC-4EB2-B649-08D319AB86CC}.Release|Any CPU.Build.0 = Release|Any CPU
		{4FD1A51B-2899-4462-91BE-BD907636B0FA}.Debug|Any CPU.ActiveCfg = Debug|Any CPU
		{4FD1A51B-2899-4462-91BE-BD907636B0FA}.Debug|Any CPU.Build.0 = Debug|Any CPU
		{4FD1A51B-2899-4462-91BE-BD907636B0FA}.Release|Any CPU.ActiveCfg = Release|Any CPU
		{4FD1A51B-2899-4462-91BE-BD907636B0FA}.Release|Any CPU.Build.0 = Release|Any CPU
		{E2B1CBFF-400C-476A-B6CD-919078441C8D}.Debug|Any CPU.ActiveCfg = Debug|Any CPU
		{E2B1CBFF-400C-476A-B6CD-919078441C8D}.Debug|Any CPU.Build.0 = Debug|Any CPU
		{E2B1CBFF-400C-476A-B6CD-919078441C8D}.Release|Any CPU.ActiveCfg = Release|Any CPU
		{E2B1CBFF-400C-476A-B6CD-919078441C8D}.Release|Any CPU.Build.0 = Release|Any CPU
		{60016351-E6B1-4452-941D-8BC3D6529672}.Debug|Any CPU.ActiveCfg = Debug|Any CPU
		{60016351-E6B1-4452-941D-8BC3D6529672}.Debug|Any CPU.Build.0 = Debug|Any CPU
		{60016351-E6B1-4452-941D-8BC3D6529672}.Release|Any CPU.ActiveCfg = Release|Any CPU
		{60016351-E6B1-4452-941D-8BC3D6529672}.Release|Any CPU.Build.0 = Release|Any CPU
		{C3C62DA7-2D9D-4D76-9168-CBE392BB62DD}.Debug|Any CPU.ActiveCfg = Debug|Any CPU
		{C3C62DA7-2D9D-4D76-9168-CBE392BB62DD}.Debug|Any CPU.Build.0 = Debug|Any CPU
		{C3C62DA7-2D9D-4D76-9168-CBE392BB62DD}.Release|Any CPU.ActiveCfg = Release|Any CPU
		{C3C62DA7-2D9D-4D76-9168-CBE392BB62DD}.Release|Any CPU.Build.0 = Release|Any CPU
		{EB2FB0E2-7E32-4597-8D08-F83E2A25085B}.Debug|Any CPU.ActiveCfg = Debug|Any CPU
		{EB2FB0E2-7E32-4597-8D08-F83E2A25085B}.Debug|Any CPU.Build.0 = Debug|Any CPU
		{EB2FB0E2-7E32-4597-8D08-F83E2A25085B}.Release|Any CPU.ActiveCfg = Release|Any CPU
		{EB2FB0E2-7E32-4597-8D08-F83E2A25085B}.Release|Any CPU.Build.0 = Release|Any CPU
		{AED3BC6B-FE9E-4408-BDE0-E74AFE6A8549}.Debug|Any CPU.ActiveCfg = Debug|Any CPU
		{AED3BC6B-FE9E-4408-BDE0-E74AFE6A8549}.Debug|Any CPU.Build.0 = Debug|Any CPU
		{AED3BC6B-FE9E-4408-BDE0-E74AFE6A8549}.Release|Any CPU.ActiveCfg = Release|Any CPU
		{AED3BC6B-FE9E-4408-BDE0-E74AFE6A8549}.Release|Any CPU.Build.0 = Release|Any CPU
	EndGlobalSection
	GlobalSection(SolutionProperties) = preSolution
		HideSolutionNode = FALSE
	EndGlobalSection
	GlobalSection(NestedProjects) = preSolution
		{45370181-7C38-4039-A8B8-4D4866556A75} = {3752CA11-35BA-461F-A01E-072EC6A6626A}
		{43B97811-A424-4083-B0DF-23C1AE9FACA8} = {3752CA11-35BA-461F-A01E-072EC6A6626A}
		{BCF7F570-B6CC-4EB2-B649-08D319AB86CC} = {8502F07C-6711-487C-81FB-494FF87CF53E}
		{4FD1A51B-2899-4462-91BE-BD907636B0FA} = {DF91AE80-ECEF-46B9-B9FF-C2B9944521A8}
		{E2B1CBFF-400C-476A-B6CD-919078441C8D} = {DF91AE80-ECEF-46B9-B9FF-C2B9944521A8}
		{60016351-E6B1-4452-941D-8BC3D6529672} = {9B0EDB6D-422B-45A2-BFC7-CB5ED740697D}
		{C3C62DA7-2D9D-4D76-9168-CBE392BB62DD} = {2A522FC9-32B2-41F7-91E7-B226ECFF5D37}
		{EB2FB0E2-7E32-4597-8D08-F83E2A25085B} = {CEDAB7FB-3B55-4C8A-85BE-2E3F5A37F91D}
		{AED3BC6B-FE9E-4408-BDE0-E74AFE6A8549} = {8620B459-6268-4F2F-A07A-39A2574014FE}
	EndGlobalSection
	GlobalSection(ExtensibilityGlobals) = postSolution
		SolutionGuid = {6FC9C4FE-2E4E-4C00-9FEA-7287C0C86775}
	EndGlobalSection
EndGlobal
